
Microsoft Visual Studio Solution File, Format Version 12.00
# Visual Studio Version 16
VisualStudioVersion = 16.0.30503.244
MinimumVisualStudioVersion = 10.0.40219.1
Project("{FAE04EC0-301F-11D3-BF4B-00C04F79EFBC}") = "BookingFlow", "BookingFlow.csproj", "{752AD95B-ECF3-41CE-A86A-08D7E685DF70}"
EndProject
Global
	GlobalSection(SolutionConfigurationPlatforms) = preSolution
		Debug|Any CPU = Debug|Any CPU
		Release|Any CPU = Release|Any CPU
	EndGlobalSection
	GlobalSection(ProjectConfigurationPlatforms) = postSolution
		{752AD95B-ECF3-41CE-A86A-08D7E685DF70}.Debug|Any CPU.ActiveCfg = Debug|Any CPU
		{752AD95B-ECF3-41CE-A86A-08D7E685DF70}.Debug|Any CPU.Build.0 = Debug|Any CPU
		{752AD95B-ECF3-41CE-A86A-08D7E685DF70}.Release|Any CPU.ActiveCfg = Release|Any CPU
		{752AD95B-ECF3-41CE-A86A-08D7E685DF70}.Release|Any CPU.Build.0 = Release|Any CPU
	EndGlobalSection
	GlobalSection(SolutionProperties) = preSolution
		HideSolutionNode = FALSE
	EndGlobalSection
	GlobalSection(ExtensibilityGlobals) = postSolution
		SolutionGuid = {6EB37E84-F6E2-4034-A9EB-FAA8D29229E9}
	EndGlobalSection
EndGlobal
